{
  "name": "Time-Pass",
  "lockfileVersion": 3,
  "requires": true,
  "packages": {
    "": {
      "devDependencies": {
        "@fluentui-emoji/svg": "^2.1.1",
        "unicode-emoji-json": "^0.9.0"
      }
    },
    "node_modules/@fluentui-emoji/svg": {
      "version": "2.1.1",
      "resolved": "https://registry.npmjs.org/@fluentui-emoji/svg/-/svg-2.1.1.tgz",
      "integrity": "sha512-qPJ9RoyEYrFpr0qwdTPTseCA36xTjxkeCkgU+wTyVqgYFsBft2p71lACaeCPLrphoCXH0QxSXWEiCgI2LyCx0Q==",
      "dev": true,
      "license": "MIT",
      "engines": {
        "node": ">=18"
      }
    },
    "node_modules/unicode-emoji-json": {
      "version": "0.9.0",
      "resolved": "https://registry.npmjs.org/unicode-emoji-json/-/unicode-emoji-json-0.9.0.tgz",
      "integrity": "sha512-HdrQW/7SdbXUsTd8uTATv7LvQJkCSgbAgRCDCtOhQ6xn3EAx+xZHQtRniOXWJK3ywIqPegkNhP4U4EbuFsiQng==",
      "dev": true,
      "license": "MIT"
    }
  }
}
